
Microsoft Visual Studio Solution File, Format Version 12.00
# Visual Studio Version 16
VisualStudioVersion = 16.0.31702.278
MinimumVisualStudioVersion = 10.0.40219.1
Project("{FAE04EC0-301F-11D3-BF4B-00C04F79EFBC}") = "Muros", "Muros\Muros.csproj", "{ED70F717-E663-4380-900B-FBB99AC852CE}"
EndProject
Global
	GlobalSection(SolutionConfigurationPlatforms) = preSolution
		Debug|Any CPU = Debug|Any CPU
		Release|Any CPU = Release|Any CPU
	EndGlobalSection
	GlobalSection(ProjectConfigurationPlatforms) = postSolution
		{ED70F717-E663-4380-900B-FBB99AC852CE}.Debug|Any CPU.ActiveCfg = Debug|Any CPU
		{ED70F717-E663-4380-900B-FBB99AC852CE}.Debug|Any CPU.Build.0 = Debug|Any CPU
		{ED70F717-E663-4380-900B-FBB99AC852CE}.Release|Any CPU.ActiveCfg = Release|Any CPU
		{ED70F717-E663-4380-900B-FBB99AC852CE}.Release|Any CPU.Build.0 = Release|Any CPU
	EndGlobalSection
	GlobalSection(SolutionProperties) = preSolution
		HideSolutionNode = FALSE
	EndGlobalSection
	GlobalSection(ExtensibilityGlobals) = postSolution
		SolutionGuid = {313D1D71-C788-4D42-89B4-64727E41C7BB}
	EndGlobalSection
EndGlobal
